
Microsoft Visual Studio Solution File, Format Version 12.00
# Visual Studio Version 17
VisualStudioVersion = 17.3.32922.545
MinimumVisualStudioVersion = 10.0.40219.1
Project("{9A19103F-16F7-4668-BE54-9A1E7A4F7556}") = "TddTodo.Wasm", "TddTodo.Wasm\TddTodo.Wasm.csproj", "{4A3F9EF7-BCF5-48E9-ACAD-6686889E68FD}"
EndProject
Project("{FAE04EC0-301F-11D3-BF4B-00C04F79EFBC}") = "TddTodo.Wasm.Tests", "TddTodo.Wasm.Tests\TddTodo.Wasm.Tests.csproj", "{3EF36DD7-FA27-4579-8AE4-AB2C4750FD6E}"
EndProject
Global
	GlobalSection(SolutionConfigurationPlatforms) = preSolution
		Debug|Any CPU = Debug|Any CPU
		Release|Any CPU = Release|Any CPU
	EndGlobalSection
	GlobalSection(ProjectConfigurationPlatforms) = postSolution
		{4A3F9EF7-BCF5-48E9-ACAD-6686889E68FD}.Debug|Any CPU.ActiveCfg = Debug|Any CPU
		{4A3F9EF7-BCF5-48E9-ACAD-6686889E68FD}.Debug|Any CPU.Build.0 = Debug|Any CPU
		{4A3F9EF7-BCF5-48E9-ACAD-6686889E68FD}.Release|Any CPU.ActiveCfg = Release|Any CPU
		{4A3F9EF7-BCF5-48E9-ACAD-6686889E68FD}.Release|Any CPU.Build.0 = Release|Any CPU
		{3EF36DD7-FA27-4579-8AE4-AB2C4750FD6E}.Debug|Any CPU.ActiveCfg = Debug|Any CPU
		{3EF36DD7-FA27-4579-8AE4-AB2C4750FD6E}.Debug|Any CPU.Build.0 = Debug|Any CPU
		{3EF36DD7-FA27-4579-8AE4-AB2C4750FD6E}.Release|Any CPU.ActiveCfg = Release|Any CPU
		{3EF36DD7-FA27-4579-8AE4-AB2C4750FD6E}.Release|Any CPU.Build.0 = Release|Any CPU
	EndGlobalSection
	GlobalSection(SolutionProperties) = preSolution
		HideSolutionNode = FALSE
	EndGlobalSection
	GlobalSection(ExtensibilityGlobals) = postSolution
		SolutionGuid = {E85FC993-5B0B-49BD-BC52-6156E9753935}
	EndGlobalSection
EndGlobal
